
Microsoft Visual Studio Solution File, Format Version 12.00
# Visual Studio Version 16
VisualStudioVersion = 16.0.31112.23
MinimumVisualStudioVersion = 10.0.40219.1
Project("{9A19103F-16F7-4668-BE54-9A1E7A4F7556}") = "TelessaudeData", "TelessaudeData\TelessaudeData.csproj", "{3FE8E8CC-1C22-4DB9-AC6B-66594F014573}"
EndProject
Project("{9A19103F-16F7-4668-BE54-9A1E7A4F7556}") = "TelessaudeViewModel", "TelessaudeViewModel\TelessaudeViewModel.csproj", "{9FA930A1-680E-4F69-A859-9A0E5070E946}"
EndProject
Project("{FAE04EC0-301F-11D3-BF4B-00C04F79EFBC}") = "TelessaudeView", "TelessaudeView\TelessaudeView.csproj", "{AAC421C1-E017-4066-AE7A-D32AE06BFCFE}"
EndProject
Global
	GlobalSection(SolutionConfigurationPlatforms) = preSolution
		Debug|Any CPU = Debug|Any CPU
		Release|Any CPU = Release|Any CPU
	EndGlobalSection
	GlobalSection(ProjectConfigurationPlatforms) = postSolution
		{3FE8E8CC-1C22-4DB9-AC6B-66594F014573}.Debug|Any CPU.ActiveCfg = Debug|Any CPU
		{3FE8E8CC-1C22-4DB9-AC6B-66594F014573}.Debug|Any CPU.Build.0 = Debug|Any CPU
		{3FE8E8CC-1C22-4DB9-AC6B-66594F014573}.Release|Any CPU.ActiveCfg = Release|Any CPU
		{3FE8E8CC-1C22-4DB9-AC6B-66594F014573}.Release|Any CPU.Build.0 = Release|Any CPU
		{9FA930A1-680E-4F69-A859-9A0E5070E946}.Debug|Any CPU.ActiveCfg = Debug|Any CPU
		{9FA930A1-680E-4F69-A859-9A0E5070E946}.Debug|Any CPU.Build.0 = Debug|Any CPU
		{9FA930A1-680E-4F69-A859-9A0E5070E946}.Release|Any CPU.ActiveCfg = Release|Any CPU
		{9FA930A1-680E-4F69-A859-9A0E5070E946}.Release|Any CPU.Build.0 = Release|Any CPU
		{AAC421C1-E017-4066-AE7A-D32AE06BFCFE}.Debug|Any CPU.ActiveCfg = Debug|Any CPU
		{AAC421C1-E017-4066-AE7A-D32AE06BFCFE}.Debug|Any CPU.Build.0 = Debug|Any CPU
		{AAC421C1-E017-4066-AE7A-D32AE06BFCFE}.Release|Any CPU.ActiveCfg = Release|Any CPU
		{AAC421C1-E017-4066-AE7A-D32AE06BFCFE}.Release|Any CPU.Build.0 = Release|Any CPU
	EndGlobalSection
	GlobalSection(SolutionProperties) = preSolution
		HideSolutionNode = FALSE
	EndGlobalSection
	GlobalSection(ExtensibilityGlobals) = postSolution
		SolutionGuid = {CD74AE8F-A2C2-46B0-921A-52EEF1F9C3AC}
	EndGlobalSection
EndGlobal
